
Microsoft Visual Studio Solution File, Format Version 12.00
# Visual Studio Version 16
VisualStudioVersion = 16.0.29728.190
MinimumVisualStudioVersion = 10.0.40219.1
Project("{8BC9CEB8-8B4A-11D0-8D11-00A0C91BC942}") = "Snake 3", "Snake 3\Snake 3.vcxproj", "{3CDDEE97-BA1B-4CE4-8F66-E2E6E732E325}"
EndProject
Global
	GlobalSection(SolutionConfigurationPlatforms) = preSolution
		Debug|x64 = Debug|x64
		Debug|x86 = Debug|x86
		Release|x64 = Release|x64
		Release|x86 = Release|x86
	EndGlobalSection
	GlobalSection(ProjectConfigurationPlatforms) = postSolution
		{3CDDEE97-BA1B-4CE4-8F66-E2E6E732E325}.Debug|x64.ActiveCfg = Debug|x64
		{3CDDEE97-BA1B-4CE4-8F66-E2E6E732E325}.Debug|x64.Build.0 = Debug|x64
		{3CDDEE97-BA1B-4CE4-8F66-E2E6E732E325}.Debug|x86.ActiveCfg = Debug|Win32
		{3CDDEE97-BA1B-4CE4-8F66-E2E6E732E325}.Debug|x86.Build.0 = Debug|Win32
		{3CDDEE97-BA1B-4CE4-8F66-E2E6E732E325}.Release|x64.ActiveCfg = Release|x64
		{3CDDEE97-BA1B-4CE4-8F66-E2E6E732E325}.Release|x64.Build.0 = Release|x64
		{3CDDEE97-BA1B-4CE4-8F66-E2E6E732E325}.Release|x86.ActiveCfg = Release|Win32
		{3CDDEE97-BA1B-4CE4-8F66-E2E6E732E325}.Release|x86.Build.0 = Release|Win32
	EndGlobalSection
	GlobalSection(SolutionProperties) = preSolution
		HideSolutionNode = FALSE
	EndGlobalSection
	GlobalSection(ExtensibilityGlobals) = postSolution
		SolutionGuid = {06570C1C-6CE1-4DCE-8C8B-0CD20D29F481}
	EndGlobalSection
EndGlobal
